PODS:
  - SDWebImage (4.4.3):
    - SDWebImage/Core (= 4.4.3)
  - SDWebImage/Core (4.4.3)
  - XPhotoBrowser (1.1.0):
    - SDWebImage

DEPENDENCIES:
  - XPhotoBrowser (from `../`)

SPEC REPOS:
  https://github.com/cocoapods/specs.git:
    - SDWebImage

EXTERNAL SOURCES:
  XPhotoBrowser:
    :path: "../"

SPEC CHECKSUMS:
  SDWebImage: c5594f1a19c48d526d321e548902b56b479cd508
  XPhotoBrowser: 8f65dab4644882384ed01b2d8aac6359fe81fcf9

PODFILE CHECKSUM: 7a2769f2cde4e9d9962d310229200f3982f63f44

COCOAPODS: 1.5.3
