PODS:
  - SDWebImage (4.3.3):
    - SDWebImage/Core (= 4.3.3)
  - SDWebImage/Core (4.3.3)
  - XPhotoBrowser (1.0.3):
    - SDWebImage

DEPENDENCIES:
  - XPhotoBrowser (from `../`)

EXTERNAL SOURCES:
  XPhotoBrowser:
    :path: ../

SPEC CHECKSUMS:
  SDWebImage: de4d90b5bff3571eae7bd16202b1f43135409fa5
  XPhotoBrowser: fcb9042f6a2ad61d04695e2fd391fe8ab027a4c7

PODFILE CHECKSUM: 7a2769f2cde4e9d9962d310229200f3982f63f44

COCOAPODS: 1.4.0.beta.2
